
Microsoft Visual Studio Solution File, Format Version 12.00
# Visual Studio 2013
VisualStudioVersion = 12.0.31101.0
MinimumVisualStudioVersion = 10.0.40219.1
Project("{FAE04EC0-301F-11D3-BF4B-00C04F79EFBC}") = "InterviewProblems", "InterviewProblems\InterviewProblems.csproj", "{4BD6898C-E905-4BD2-ABF0-7E8A7AEEB991}"
EndProject
Project("{FAE04EC0-301F-11D3-BF4B-00C04F79EFBC}") = "InterviewProblemsUnitTest", "InterviewProblemsUnitTest\InterviewProblemsUnitTest.csproj", "{FBD69CF2-89FD-46FE-B293-2FFB0D0988A3}"
EndProject
Global
	GlobalSection(SolutionConfigurationPlatforms) = preSolution
		Debug|Any CPU = Debug|Any CPU
		Release|Any CPU = Release|Any CPU
	EndGlobalSection
	GlobalSection(ProjectConfigurationPlatforms) = postSolution
		{4BD6898C-E905-4BD2-ABF0-7E8A7AEEB991}.Debug|Any CPU.ActiveCfg = Debug|Any CPU
		{4BD6898C-E905-4BD2-ABF0-7E8A7AEEB991}.Debug|Any CPU.Build.0 = Debug|Any CPU
		{4BD6898C-E905-4BD2-ABF0-7E8A7AEEB991}.Release|Any CPU.ActiveCfg = Release|Any CPU
		{4BD6898C-E905-4BD2-ABF0-7E8A7AEEB991}.Release|Any CPU.Build.0 = Release|Any CPU
		{FBD69CF2-89FD-46FE-B293-2FFB0D0988A3}.Debug|Any CPU.ActiveCfg = Debug|Any CPU
		{FBD69CF2-89FD-46FE-B293-2FFB0D0988A3}.Debug|Any CPU.Build.0 = Debug|Any CPU
		{FBD69CF2-89FD-46FE-B293-2FFB0D0988A3}.Release|Any CPU.ActiveCfg = Release|Any CPU
		{FBD69CF2-89FD-46FE-B293-2FFB0D0988A3}.Release|Any CPU.Build.0 = Release|Any CPU
	EndGlobalSection
	GlobalSection(SolutionProperties) = preSolution
		HideSolutionNode = FALSE
	EndGlobalSection
EndGlobal
